// !$*UTF8*$!
{
	archiveVersion = 1;
	classes = {
	};
	objectVersion = 50;
	objects = {

/* Begin PBXBuildFile section */
		A008BADD229F800F00E1D3E0 /* HashtagsTableViewController.swift in Sources */ = {isa = PBXBuildFile; fileRef = A008BADC229F800F00E1D3E0 /* HashtagsTableViewController.swift */; };
		A008BADF229F80F800E1D3E0 /* HashtagsTableViewController+NSFetchedResultsControllerDelegate.swift in Sources */ = {isa = PBXBuildFile; fileRef = A008BADE229F80F800E1D3E0 /* HashtagsTableViewController+NSFetchedResultsControllerDelegate.swift */; };
		A0228869229CD526004478BE /* DataController.swift in Sources */ = {isa = PBXBuildFile; fileRef = A0228868229CD526004478BE /* DataController.swift */; };
		A022886B229CDC92004478BE /* PhotoCollectionViewCell.swift in Sources */ = {isa = PBXBuildFile; fileRef = A022886A229CDC92004478BE /* PhotoCollectionViewCell.swift */; };
		A022886D229CE377004478BE /* PhotosViewController+NSFetchedResultsControllerDelegate.swift in Sources */ = {isa = PBXBuildFile; fileRef = A022886C229CE377004478BE /* PhotosViewController+NSFetchedResultsControllerDelegate.swift */; };
		A022886F229CE3CA004478BE /* PhotosViewController+UIImagePickerControllerDelegate.swift in Sources */ = {isa = PBXBuildFile; fileRef = A022886E229CE3CA004478BE /* PhotosViewController+UIImagePickerControllerDelegate.swift */; };
		A0228871229CE59F004478BE /* PhotosViewController+UICollectionViewDelegate.swift in Sources */ = {isa = PBXBuildFile; fileRef = A0228870229CE59F004478BE /* PhotosViewController+UICollectionViewDelegate.swift */; };
		A025093222979327005602A7 /* AppDelegate.swift in Sources */ = {isa = PBXBuildFile; fileRef = A025093122979327005602A7 /* AppDelegate.swift */; };
		A025093422979327005602A7 /* PhotosViewController.swift in Sources */ = {isa = PBXBuildFile; fileRef = A025093322979327005602A7 /* PhotosViewController.swift */; };
		A025093722979327005602A7 /* Main.storyboard in Resources */ = {isa = PBXBuildFile; fileRef = A025093522979327005602A7 /* Main.storyboard */; };
		A025093A22979327005602A7 /* bitacora.xcdatamodeld in Sources */ = {isa = PBXBuildFile; fileRef = A025093822979327005602A7 /* bitacora.xcdatamodeld */; };
		A025093C22979329005602A7 /* Assets.xcassets in Resources */ = {isa = PBXBuildFile; fileRef = A025093B22979329005602A7 /* Assets.xcassets */; };
		A025093F22979329005602A7 /* LaunchScreen.storyboard in Resources */ = {isa = PBXBuildFile; fileRef = A025093D22979329005602A7 /* LaunchScreen.storyboard */; };
		A025094A22979329005602A7 /* bitacoraTests.swift in Sources */ = {isa = PBXBuildFile; fileRef = A025094922979329005602A7 /* bitacoraTests.swift */; };
		A025095522979329005602A7 /* bitacoraUITests.swift in Sources */ = {isa = PBXBuildFile; fileRef = A025095422979329005602A7 /* bitacoraUITests.swift */; };
		A0250980229795D8005602A7 /* GCVLabelAnnotation.swift in Sources */ = {isa = PBXBuildFile; fileRef = A0250971229795D7005602A7 /* GCVLabelAnnotation.swift */; };
		A0250981229795D8005602A7 /* GoogleCloudVision.swift in Sources */ = {isa = PBXBuildFile; fileRef = A0250972229795D7005602A7 /* GoogleCloudVision.swift */; };
		A0250982229795D8005602A7 /* AfyClient.swift in Sources */ = {isa = PBXBuildFile; fileRef = A0250973229795D7005602A7 /* AfyClient.swift */; };
		A025098822979662005602A7 /* ProgressHUD.swift in Sources */ = {isa = PBXBuildFile; fileRef = A025098722979662005602A7 /* ProgressHUD.swift */; };
		A025098A2297A781005602A7 /* PhotoHashtagsTableViewController.swift in Sources */ = {isa = PBXBuildFile; fileRef = A02509892297A781005602A7 /* PhotoHashtagsTableViewController.swift */; };
		A03EEF5422E6BEC50094FC93 /* OAuthSwift.framework in Frameworks */ = {isa = PBXBuildFile; fileRef = A09CFF6122E22259005B29F2 /* OAuthSwift.framework */; };
		A03EEF5522E6BEC50094FC93 /* OAuthSwift.framework in Embed Frameworks */ = {isa = PBXBuildFile; fileRef = A09CFF6122E22259005B29F2 /* OAuthSwift.framework */; settings = {ATTRIBUTES = (CodeSignOnCopy, RemoveHeadersOnCopy, ); }; };
		A03EEF5A22E6C0200094FC93 /* img.jpeg in Resources */ = {isa = PBXBuildFile; fileRef = A03EEF5922E6C01B0094FC93 /* img.jpeg */; };
/* End PBXBuildFile section */

/* Begin PBXContainerItemProxy section */
		A025094622979329005602A7 /* PBXContainerItemProxy */ = {
			isa = PBXContainerItemProxy;
			containerPortal = A025092622979327005602A7 /* Project object */;
			proxyType = 1;
			remoteGlobalIDString = A025092D22979327005602A7;
			remoteInfo = bitacora;
		};
		A025095122979329005602A7 /* PBXContainerItemProxy */ = {
			isa = PBXContainerItemProxy;
			containerPortal = A025092622979327005602A7 /* Project object */;
			proxyType = 1;
			remoteGlobalIDString = A025092D22979327005602A7;
			remoteInfo = bitacora;
		};
		A02F4B4822E2233300FA4BAF /* PBXContainerItemProxy */ = {
			isa = PBXContainerItemProxy;
			containerPortal = A09CFF5622E22258005B29F2 /* OAuthSwift.xcodeproj */;
			proxyType = 1;
			remoteGlobalIDString = F43502791A6791B200038A29;
			remoteInfo = OAuthSwift;
		};
		A03EEF5622E6BEC50094FC93 /* PBXContainerItemProxy */ = {
			isa = PBXContainerItemProxy;
			containerPortal = A09CFF5622E22258005B29F2 /* OAuthSwift.xcodeproj */;
			proxyType = 1;
			remoteGlobalIDString = F43502791A6791B200038A29;
			remoteInfo = OAuthSwift;
		};
		A09CFF6022E22259005B29F2 /* PBXContainerItemProxy */ = {
			isa = PBXContainerItemProxy;
			containerPortal = A09CFF5622E22258005B29F2 /* OAuthSwift.xcodeproj */;
			proxyType = 2;
			remoteGlobalIDString = F435027A1A6791B200038A29;
			remoteInfo = OAuthSwift;
		};
		A09CFF6222E22259005B29F2 /* PBXContainerItemProxy */ = {
			isa = PBXContainerItemProxy;
			containerPortal = A09CFF5622E22258005B29F2 /* OAuthSwift.xcodeproj */;
			proxyType = 2;
			remoteGlobalIDString = C48B28021AFA598D00C7DEF6;
			remoteInfo = OAuthSwiftMacOS;
		};
		A09CFF6422E22259005B29F2 /* PBXContainerItemProxy */ = {
			isa = PBXContainerItemProxy;
			containerPortal = A09CFF5622E22258005B29F2 /* OAuthSwift.xcodeproj */;
			proxyType = 2;
			remoteGlobalIDString = C4B6EE1E1BF74CE300443596;
			remoteInfo = OAuthSwiftTVOS;
		};
		A09CFF6622E22259005B29F2 /* PBXContainerItemProxy */ = {
			isa = PBXContainerItemProxy;
			containerPortal = A09CFF5622E22258005B29F2 /* OAuthSwift.xcodeproj */;
			proxyType = 2;
			remoteGlobalIDString = C40890C01C11B37000E3146A;
			remoteInfo = OAuthSwiftWatchOS;
		};
		A09CFF6822E22259005B29F2 /* PBXContainerItemProxy */ = {
			isa = PBXContainerItemProxy;
			containerPortal = A09CFF5622E22258005B29F2 /* OAuthSwift.xcodeproj */;
			proxyType = 2;
			remoteGlobalIDString = F451E3C5195B8CD80051434C;
			remoteInfo = OAuthSwiftDemo;
		};
		A09CFF6A22E22259005B29F2 /* PBXContainerItemProxy */ = {
			isa = PBXContainerItemProxy;
			containerPortal = A09CFF5622E22258005B29F2 /* OAuthSwift.xcodeproj */;
			proxyType = 2;
			remoteGlobalIDString = C49FD5241AFB5DF500791E1A;
			remoteInfo = OAuthSwiftMacOSDemo;
		};
		A09CFF6C22E22259005B29F2 /* PBXContainerItemProxy */ = {
			isa = PBXContainerItemProxy;
			containerPortal = A09CFF5622E22258005B29F2 /* OAuthSwift.xcodeproj */;
			proxyType = 2;
			remoteGlobalIDString = C4D50DF71BFB693F0053B624;
			remoteInfo = OAuthSwiftTests;
		};
/* End PBXContainerItemProxy section */

/* Begin PBXCopyFilesBuildPhase section */
		A03EEF5822E6BEC50094FC93 /* Embed Frameworks */ = {
			isa = PBXCopyFilesBuildPhase;
			buildActionMask = 2147483647;
			dstPath = "";
			dstSubfolderSpec = 10;
			files = (
				A03EEF5522E6BEC50094FC93 /* OAuthSwift.framework in Embed Frameworks */,
			);
			name = "Embed Frameworks";
			runOnlyForDeploymentPostprocessing = 0;
		};
/* End PBXCopyFilesBuildPhase section */

/* Begin PBXFileReference section */
		A008BADC229F800F00E1D3E0 /* HashtagsTableViewController.swift */ = {isa = PBXFileReference; lastKnownFileType = sourcecode.swift; path = HashtagsTableViewController.swift; sourceTree = "<group>"; };
		A008BADE229F80F800E1D3E0 /* HashtagsTableViewController+NSFetchedResultsControllerDelegate.swift */ = {isa = PBXFileReference; lastKnownFileType = sourcecode.swift; path = "HashtagsTableViewController+NSFetchedResultsControllerDelegate.swift"; sourceTree = "<group>"; };
		A0228868229CD526004478BE /* DataController.swift */ = {isa = PBXFileReference; lastKnownFileType = sourcecode.swift; path = DataController.swift; sourceTree = "<group>"; };
		A022886A229CDC92004478BE /* PhotoCollectionViewCell.swift */ = {isa = PBXFileReference; lastKnownFileType = sourcecode.swift; path = PhotoCollectionViewCell.swift; sourceTree = "<group>"; };
		A022886C229CE377004478BE /* PhotosViewController+NSFetchedResultsControllerDelegate.swift */ = {isa = PBXFileReference; lastKnownFileType = sourcecode.swift; path = "PhotosViewController+NSFetchedResultsControllerDelegate.swift"; sourceTree = "<group>"; };
		A022886E229CE3CA004478BE /* PhotosViewController+UIImagePickerControllerDelegate.swift */ = {isa = PBXFileReference; lastKnownFileType = sourcecode.swift; path = "PhotosViewController+UIImagePickerControllerDelegate.swift"; sourceTree = "<group>"; };
		A0228870229CE59F004478BE /* PhotosViewController+UICollectionViewDelegate.swift */ = {isa = PBXFileReference; lastKnownFileType = sourcecode.swift; path = "PhotosViewController+UICollectionViewDelegate.swift"; sourceTree = "<group>"; };
		A025092E22979327005602A7 /* bitacora.app */ = {isa = PBXFileReference; explicitFileType = wrapper.application; includeInIndex = 0; path = bitacora.app; sourceTree = BUILT_PRODUCTS_DIR; };
		A025093122979327005602A7 /* AppDelegate.swift */ = {isa = PBXFileReference; lastKnownFileType = sourcecode.swift; path = AppDelegate.swift; sourceTree = "<group>"; };
		A025093322979327005602A7 /* PhotosViewController.swift */ = {isa = PBXFileReference; lastKnownFileType = sourcecode.swift; path = PhotosViewController.swift; sourceTree = "<group>"; };
		A025093622979327005602A7 /* Base */ = {isa = PBXFileReference; lastKnownFileType = file.storyboard; name = Base; path = Base.lproj/Main.storyboard; sourceTree = "<group>"; };
		A025093922979327005602A7 /* bitacora.xcdatamodel */ = {isa = PBXFileReference; lastKnownFileType = wrapper.xcdatamodel; path = bitacora.xcdatamodel; sourceTree = "<group>"; };
		A025093B22979329005602A7 /* Assets.xcassets */ = {isa = PBXFileReference; lastKnownFileType = folder.assetcatalog; path = Assets.xcassets; sourceTree = "<group>"; };
		A025093E22979329005602A7 /* Base */ = {isa = PBXFileReference; lastKnownFileType = file.storyboard; name = Base; path = Base.lproj/LaunchScreen.storyboard; sourceTree = "<group>"; };
		A025094022979329005602A7 /* Info.plist */ = {isa = PBXFileReference; lastKnownFileType = text.plist.xml; path = Info.plist; sourceTree = "<group>"; };
		A025094522979329005602A7 /* bitacoraTests.xctest */ = {isa = PBXFileReference; explicitFileType = wrapper.cfbundle; includeInIndex = 0; path = bitacoraTests.xctest; sourceTree = BUILT_PRODUCTS_DIR; };
		A025094922979329005602A7 /* bitacoraTests.swift */ = {isa = PBXFileReference; lastKnownFileType = sourcecode.swift; path = bitacoraTests.swift; sourceTree = "<group>"; };
		A025094B22979329005602A7 /* Info.plist */ = {isa = PBXFileReference; lastKnownFileType = text.plist.xml; path = Info.plist; sourceTree = "<group>"; };
		A025095022979329005602A7 /* bitacoraUITests.xctest */ = {isa = PBXFileReference; explicitFileType = wrapper.cfbundle; includeInIndex = 0; path = bitacoraUITests.xctest; sourceTree = BUILT_PRODUCTS_DIR; };
		A025095422979329005602A7 /* bitacoraUITests.swift */ = {isa = PBXFileReference; lastKnownFileType = sourcecode.swift; path = bitacoraUITests.swift; sourceTree = "<group>"; };
		A025095622979329005602A7 /* Info.plist */ = {isa = PBXFileReference; lastKnownFileType = text.plist.xml; path = Info.plist; sourceTree = "<group>"; };
		A0250971229795D7005602A7 /* GCVLabelAnnotation.swift */ = {isa = PBXFileReference; fileEncoding = 4; lastKnownFileType = sourcecode.swift; path = GCVLabelAnnotation.swift; sourceTree = "<group>"; };
		A0250972229795D7005602A7 /* GoogleCloudVision.swift */ = {isa = PBXFileReference; fileEncoding = 4; lastKnownFileType = sourcecode.swift; path = GoogleCloudVision.swift; sourceTree = "<group>"; };
		A0250973229795D7005602A7 /* AfyClient.swift */ = {isa = PBXFileReference; fileEncoding = 4; lastKnownFileType = sourcecode.swift; path = AfyClient.swift; sourceTree = "<group>"; };
		A025098722979662005602A7 /* ProgressHUD.swift */ = {isa = PBXFileReference; fileEncoding = 4; lastKnownFileType = sourcecode.swift; path = ProgressHUD.swift; sourceTree = "<group>"; };
		A02509892297A781005602A7 /* PhotoHashtagsTableViewController.swift */ = {isa = PBXFileReference; lastKnownFileType = sourcecode.swift; path = PhotoHashtagsTableViewController.swift; sourceTree = "<group>"; };
		A03EEF5922E6C01B0094FC93 /* img.jpeg */ = {isa = PBXFileReference; lastKnownFileType = image.jpeg; name = img.jpeg; path = ../../../../../Downloads/img.jpeg; sourceTree = "<group>"; };
		A09CFF5622E22258005B29F2 /* OAuthSwift.xcodeproj */ = {isa = PBXFileReference; lastKnownFileType = "wrapper.pb-project"; name = OAuthSwift.xcodeproj; path = ../OAuthSwift/OAuthSwift.xcodeproj; sourceTree = "<group>"; };
/* End PBXFileReference section */

/* Begin PBXFrameworksBuildPhase section */
		A025092B22979327005602A7 /* Frameworks */ = {
			isa = PBXFrameworksBuildPhase;
			buildActionMask = 2147483647;
			files = (
				A03EEF5422E6BEC50094FC93 /* OAuthSwift.framework in Frameworks */,
			);
			runOnlyForDeploymentPostprocessing = 0;
		};
		A025094222979329005602A7 /* Frameworks */ = {
			isa = PBXFrameworksBuildPhase;
			buildActionMask = 2147483647;
			files = (
			);
			runOnlyForDeploymentPostprocessing = 0;
		};
		A025094D22979329005602A7 /* Frameworks */ = {
			isa = PBXFrameworksBuildPhase;
			buildActionMask = 2147483647;
			files = (
			);
			runOnlyForDeploymentPostprocessing = 0;
		};
/* End PBXFrameworksBuildPhase section */

/* Begin PBXGroup section */
		A025092522979327005602A7 = {
			isa = PBXGroup;
			children = (
				A025093022979327005602A7 /* bitacora */,
				A025094822979329005602A7 /* bitacoraTests */,
				A025095322979329005602A7 /* bitacoraUITests */,
				A025092F22979327005602A7 /* Products */,
				A09CFF5622E22258005B29F2 /* OAuthSwift.xcodeproj */,
			);
			sourceTree = "<group>";
		};
		A025092F22979327005602A7 /* Products */ = {
			isa = PBXGroup;
			children = (
				A025092E22979327005602A7 /* bitacora.app */,
				A025094522979329005602A7 /* bitacoraTests.xctest */,
				A025095022979329005602A7 /* bitacoraUITests.xctest */,
			);
			name = Products;
			sourceTree = "<group>";
		};
		A025093022979327005602A7 /* bitacora */ = {
			isa = PBXGroup;
			children = (
				A025093122979327005602A7 /* AppDelegate.swift */,
				A0250962229793E4005602A7 /* views */,
				A0250963229793F3005602A7 /* controllers */,
				A025096422979413005602A7 /* models */,
				A025096522979438005602A7 /* assets */,
				A025094022979329005602A7 /* Info.plist */,
			);
			path = bitacora;
			sourceTree = "<group>";
		};
		A025094822979329005602A7 /* bitacoraTests */ = {
			isa = PBXGroup;
			children = (
				A025094922979329005602A7 /* bitacoraTests.swift */,
				A025094B22979329005602A7 /* Info.plist */,
			);
			path = bitacoraTests;
			sourceTree = "<group>";
		};
		A025095322979329005602A7 /* bitacoraUITests */ = {
			isa = PBXGroup;
			children = (
				A025095422979329005602A7 /* bitacoraUITests.swift */,
				A025095622979329005602A7 /* Info.plist */,
			);
			path = bitacoraUITests;
			sourceTree = "<group>";
		};
		A0250962229793E4005602A7 /* views */ = {
			isa = PBXGroup;
			children = (
				A025098722979662005602A7 /* ProgressHUD.swift */,
				A022886A229CDC92004478BE /* PhotoCollectionViewCell.swift */,
			);
			path = views;
			sourceTree = "<group>";
		};
		A0250963229793F3005602A7 /* controllers */ = {
			isa = PBXGroup;
			children = (
				A025093322979327005602A7 /* PhotosViewController.swift */,
				A022886E229CE3CA004478BE /* PhotosViewController+UIImagePickerControllerDelegate.swift */,
				A022886C229CE377004478BE /* PhotosViewController+NSFetchedResultsControllerDelegate.swift */,
				A0228870229CE59F004478BE /* PhotosViewController+UICollectionViewDelegate.swift */,
				A02509892297A781005602A7 /* PhotoHashtagsTableViewController.swift */,
				A008BADC229F800F00E1D3E0 /* HashtagsTableViewController.swift */,
				A008BADE229F80F800E1D3E0 /* HashtagsTableViewController+NSFetchedResultsControllerDelegate.swift */,
			);
			path = controllers;
			sourceTree = "<group>";
		};
		A025096422979413005602A7 /* models */ = {
			isa = PBXGroup;
			children = (
				A0228868229CD526004478BE /* DataController.swift */,
				A025093822979327005602A7 /* bitacora.xcdatamodeld */,
				A025096B229795D7005602A7 /* AfyClient */,
			);
			path = models;
			sourceTree = "<group>";
		};
		A025096522979438005602A7 /* assets */ = {
			isa = PBXGroup;
			children = (
				A03EEF5922E6C01B0094FC93 /* img.jpeg */,
				A025093D22979329005602A7 /* LaunchScreen.storyboard */,
				A025093522979327005602A7 /* Main.storyboard */,
				A025093B22979329005602A7 /* Assets.xcassets */,
			);
			path = assets;
			sourceTree = "<group>";
		};
		A025096B229795D7005602A7 /* AfyClient */ = {
			isa = PBXGroup;
			children = (
				A0250973229795D7005602A7 /* AfyClient.swift */,
				A0250970229795D7005602A7 /* GoogleCloudVision */,
			);
			path = AfyClient;
			sourceTree = "<group>";
		};
		A0250970229795D7005602A7 /* GoogleCloudVision */ = {
			isa = PBXGroup;
			children = (
				A0250971229795D7005602A7 /* GCVLabelAnnotation.swift */,
				A0250972229795D7005602A7 /* GoogleCloudVision.swift */,
			);
			path = GoogleCloudVision;
			sourceTree = "<group>";
		};
		A09CFF5722E22258005B29F2 /* Products */ = {
			isa = PBXGroup;
			children = (
				A09CFF6122E22259005B29F2 /* OAuthSwift.framework */,
				A09CFF6322E22259005B29F2 /* OAuthSwift.framework */,
				A09CFF6522E22259005B29F2 /* OAuthSwift.framework */,
				A09CFF6722E22259005B29F2 /* OAuthSwift.framework */,
				A09CFF6922E22259005B29F2 /* OAuthSwiftDemo.app */,
				A09CFF6B22E22259005B29F2 /* OAuthSwiftMacOSDemo.app */,
				A09CFF6D22E22259005B29F2 /* OAuthSwiftTests.xctest */,
			);
			name = Products;
			sourceTree = "<group>";
		};
/* End PBXGroup section */

/* Begin PBXNativeTarget section */
		A025092D22979327005602A7 /* bitacora */ = {
			isa = PBXNativeTarget;
			buildConfigurationList = A025095922979329005602A7 /* Build configuration list for PBXNativeTarget "bitacora" */;
			buildPhases = (
				A025092A22979327005602A7 /* Sources */,
				A025092B22979327005602A7 /* Frameworks */,
				A025092C22979327005602A7 /* Resources */,
				A03EEF5822E6BEC50094FC93 /* Embed Frameworks */,
			);
			buildRules = (
			);
			dependencies = (
				A02F4B4922E2233300FA4BAF /* PBXTargetDependency */,
				A03EEF5722E6BEC50094FC93 /* PBXTargetDependency */,
			);
			name = bitacora;
			productName = bitacora;
			productReference = A025092E22979327005602A7 /* bitacora.app */;
			productType = "com.apple.product-type.application";
		};
		A025094422979329005602A7 /* bitacoraTests */ = {
			isa = PBXNativeTarget;
			buildConfigurationList = A025095C22979329005602A7 /* Build configuration list for PBXNativeTarget "bitacoraTests" */;
			buildPhases = (
				A025094122979329005602A7 /* Sources */,
				A025094222979329005602A7 /* Frameworks */,
				A025094322979329005602A7 /* Resources */,
			);
			buildRules = (
			);
			dependencies = (
				A025094722979329005602A7 /* PBXTargetDependency */,
			);
			name = bitacoraTests;
			productName = bitacoraTests;
			productReference = A025094522979329005602A7 /* bitacoraTests.xctest */;
			productType = "com.apple.product-type.bundle.unit-test";
		};
		A025094F22979329005602A7 /* bitacoraUITests */ = {
			isa = PBXNativeTarget;
			buildConfigurationList = A025095F22979329005602A7 /* Build configuration list for PBXNativeTarget "bitacoraUITests" */;
			buildPhases = (
				A025094C22979329005602A7 /* Sources */,
				A025094D22979329005602A7 /* Frameworks */,
				A025094E22979329005602A7 /* Resources */,
			);
			buildRules = (
			);
			dependencies = (
				A025095222979329005602A7 /* PBXTargetDependency */,
			);
			name = bitacoraUITests;
			productName = bitacoraUITests;
			productReference = A025095022979329005602A7 /* bitacoraUITests.xctest */;
			productType = "com.apple.product-type.bundle.ui-testing";
		};
/* End PBXNativeTarget section */

/* Begin PBXProject section */
		A025092622979327005602A7 /* Project object */ = {
			isa = PBXProject;
			attributes = {
				LastSwiftUpdateCheck = 1020;
				LastUpgradeCheck = 1020;
				ORGANIZATIONNAME = "Andres Yepes";
				TargetAttributes = {
					A025092D22979327005602A7 = {
						CreatedOnToolsVersion = 10.2.1;
					};
					A025094422979329005602A7 = {
						CreatedOnToolsVersion = 10.2.1;
						TestTargetID = A025092D22979327005602A7;
					};
					A025094F22979329005602A7 = {
						CreatedOnToolsVersion = 10.2.1;
						TestTargetID = A025092D22979327005602A7;
					};
				};
			};
			buildConfigurationList = A025092922979327005602A7 /* Build configuration list for PBXProject "bitacora" */;
			compatibilityVersion = "Xcode 9.3";
			developmentRegion = en;
			hasScannedForEncodings = 0;
			knownRegions = (
				en,
				Base,
			);
			mainGroup = A025092522979327005602A7;
			productRefGroup = A025092F22979327005602A7 /* Products */;
			projectDirPath = "";
			projectReferences = (
				{
					ProductGroup = A09CFF5722E22258005B29F2 /* Products */;
					ProjectRef = A09CFF5622E22258005B29F2 /* OAuthSwift.xcodeproj */;
				},
			);
			projectRoot = "";
			targets = (
				A025092D22979327005602A7 /* bitacora */,
				A025094422979329005602A7 /* bitacoraTests */,
				A025094F22979329005602A7 /* bitacoraUITests */,
			);
		};
/* End PBXProject section */

/* Begin PBXReferenceProxy section */
		A09CFF6122E22259005B29F2 /* OAuthSwift.framework */ = {
			isa = PBXReferenceProxy;
			fileType = wrapper.framework;
			path = OAuthSwift.framework;
			remoteRef = A09CFF6022E22259005B29F2 /* PBXContainerItemProxy */;
			sourceTree = BUILT_PRODUCTS_DIR;
		};
		A09CFF6322E22259005B29F2 /* OAuthSwift.framework */ = {
			isa = PBXReferenceProxy;
			fileType = wrapper.framework;
			path = OAuthSwift.framework;
			remoteRef = A09CFF6222E22259005B29F2 /* PBXContainerItemProxy */;
			sourceTree = BUILT_PRODUCTS_DIR;
		};
		A09CFF6522E22259005B29F2 /* OAuthSwift.framework */ = {
			isa = PBXReferenceProxy;
			fileType = wrapper.framework;
			path = OAuthSwift.framework;
			remoteRef = A09CFF6422E22259005B29F2 /* PBXContainerItemProxy */;
			sourceTree = BUILT_PRODUCTS_DIR;
		};
		A09CFF6722E22259005B29F2 /* OAuthSwift.framework */ = {
			isa = PBXReferenceProxy;
			fileType = wrapper.framework;
			path = OAuthSwift.framework;
			remoteRef = A09CFF6622E22259005B29F2 /* PBXContainerItemProxy */;
			sourceTree = BUILT_PRODUCTS_DIR;
		};
		A09CFF6922E22259005B29F2 /* OAuthSwiftDemo.app */ = {
			isa = PBXReferenceProxy;
			fileType = wrapper.application;
			path = OAuthSwiftDemo.app;
			remoteRef = A09CFF6822E22259005B29F2 /* PBXContainerItemProxy */;
			sourceTree = BUILT_PRODUCTS_DIR;
		};
		A09CFF6B22E22259005B29F2 /* OAuthSwiftMacOSDemo.app */ = {
			isa = PBXReferenceProxy;
			fileType = wrapper.application;
			path = OAuthSwiftMacOSDemo.app;
			remoteRef = A09CFF6A22E22259005B29F2 /* PBXContainerItemProxy */;
			sourceTree = BUILT_PRODUCTS_DIR;
		};
		A09CFF6D22E22259005B29F2 /* OAuthSwiftTests.xctest */ = {
			isa = PBXReferenceProxy;
			fileType = wrapper.cfbundle;
			path = OAuthSwiftTests.xctest;
			remoteRef = A09CFF6C22E22259005B29F2 /* PBXContainerItemProxy */;
			sourceTree = BUILT_PRODUCTS_DIR;
		};
/* End PBXReferenceProxy section */

/* Begin PBXResourcesBuildPhase section */
		A025092C22979327005602A7 /* Resources */ = {
			isa = PBXResourcesBuildPhase;
			buildActionMask = 2147483647;
			files = (
				A025093F22979329005602A7 /* LaunchScreen.storyboard in Resources */,
				A025093C22979329005602A7 /* Assets.xcassets in Resources */,
				A025093722979327005602A7 /* Main.storyboard in Resources */,
				A03EEF5A22E6C0200094FC93 /* img.jpeg in Resources */,
			);
			runOnlyForDeploymentPostprocessing = 0;
		};
		A025094322979329005602A7 /* Resources */ = {
			isa = PBXResourcesBuildPhase;
			buildActionMask = 2147483647;
			files = (
			);
			runOnlyForDeploymentPostprocessing = 0;
		};
		A025094E22979329005602A7 /* Resources */ = {
			isa = PBXResourcesBuildPhase;
			buildActionMask = 2147483647;
			files = (
			);
			runOnlyForDeploymentPostprocessing = 0;
		};
/* End PBXResourcesBuildPhase section */

/* Begin PBXSourcesBuildPhase section */
		A025092A22979327005602A7 /* Sources */ = {
			isa = PBXSourcesBuildPhase;
			buildActionMask = 2147483647;
			files = (
				A025093422979327005602A7 /* PhotosViewController.swift in Sources */,
				A022886B229CDC92004478BE /* PhotoCollectionViewCell.swift in Sources */,
				A008BADD229F800F00E1D3E0 /* HashtagsTableViewController.swift in Sources */,
				A022886D229CE377004478BE /* PhotosViewController+NSFetchedResultsControllerDelegate.swift in Sources */,
				A025093A22979327005602A7 /* bitacora.xcdatamodeld in Sources */,
				A025098A2297A781005602A7 /* PhotoHashtagsTableViewController.swift in Sources */,
				A0228871229CE59F004478BE /* PhotosViewController+UICollectionViewDelegate.swift in Sources */,
				A025093222979327005602A7 /* AppDelegate.swift in Sources */,
				A0228869229CD526004478BE /* DataController.swift in Sources */,
				A008BADF229F80F800E1D3E0 /* HashtagsTableViewController+NSFetchedResultsControllerDelegate.swift in Sources */,
				A022886F229CE3CA004478BE /* PhotosViewController+UIImagePickerControllerDelegate.swift in Sources */,
				A0250981229795D8005602A7 /* GoogleCloudVision.swift in Sources */,
				A0250982229795D8005602A7 /* AfyClient.swift in Sources */,
				A0250980229795D8005602A7 /* GCVLabelAnnotation.swift in Sources */,
				A025098822979662005602A7 /* ProgressHUD.swift in Sources */,
			);
			runOnlyForDeploymentPostprocessing = 0;
		};
		A025094122979329005602A7 /* Sources */ = {
			isa = PBXSourcesBuildPhase;
			buildActionMask = 2147483647;
			files = (
				A025094A22979329005602A7 /* bitacoraTests.swift in Sources */,
			);
			runOnlyForDeploymentPostprocessing = 0;
		};
		A025094C22979329005602A7 /* Sources */ = {
			isa = PBXSourcesBuildPhase;
			buildActionMask = 2147483647;
			files = (
				A025095522979329005602A7 /* bitacoraUITests.swift in Sources */,
			);
			runOnlyForDeploymentPostprocessing = 0;
		};
/* End PBXSourcesBuildPhase section */

/* Begin PBXTargetDependency section */
		A025094722979329005602A7 /* PBXTargetDependency */ = {
			isa = PBXTargetDependency;
			target = A025092D22979327005602A7 /* bitacora */;
			targetProxy = A025094622979329005602A7 /* PBXContainerItemProxy */;
		};
		A025095222979329005602A7 /* PBXTargetDependency */ = {
			isa = PBXTargetDependency;
			target = A025092D22979327005602A7 /* bitacora */;
			targetProxy = A025095122979329005602A7 /* PBXContainerItemProxy */;
		};
		A02F4B4922E2233300FA4BAF /* PBXTargetDependency */ = {
			isa = PBXTargetDependency;
			name = OAuthSwift;
			targetProxy = A02F4B4822E2233300FA4BAF /* PBXContainerItemProxy */;
		};
		A03EEF5722E6BEC50094FC93 /* PBXTargetDependency */ = {
			isa = PBXTargetDependency;
			name = OAuthSwift;
			targetProxy = A03EEF5622E6BEC50094FC93 /* PBXContainerItemProxy */;
		};
/* End PBXTargetDependency section */

/* Begin PBXVariantGroup section */
		A025093522979327005602A7 /* Main.storyboard */ = {
			isa = PBXVariantGroup;
			children = (
				A025093622979327005602A7 /* Base */,
			);
			name = Main.storyboard;
			sourceTree = "<group>";
		};
		A025093D22979329005602A7 /* LaunchScreen.storyboard */ = {
			isa = PBXVariantGroup;
			children = (
				A025093E22979329005602A7 /* Base */,
			);
			name = LaunchScreen.storyboard;
			sourceTree = "<group>";
		};
/* End PBXVariantGroup section */

/* Begin XCBuildConfiguration section */
		A025095722979329005602A7 /* Debug */ = {
			isa = XCBuildConfiguration;
			buildSettings = {
				ALWAYS_SEARCH_USER_PATHS = NO;
				CLANG_ANALYZER_NONNULL = YES;
				CLANG_ANALYZER_NUMBER_OBJECT_CONVERSION = YES_AGGRESSIVE;
				CLANG_CXX_LANGUAGE_STANDARD = "gnu++14";
				CLANG_CXX_LIBRARY = "libc++";
				CLANG_ENABLE_MODULES = YES;
				CLANG_ENABLE_OBJC_ARC = YES;
				CLANG_ENABLE_OBJC_WEAK = YES;
				CLANG_WARN_BLOCK_CAPTURE_AUTORELEASING = YES;
				CLANG_WARN_BOOL_CONVERSION = YES;
				CLANG_WARN_COMMA = YES;
				CLANG_WARN_CONSTANT_CONVERSION = YES;
				CLANG_WARN_DEPRECATED_OBJC_IMPLEMENTATIONS = YES;
				CLANG_WARN_DIRECT_OBJC_ISA_USAGE = YES_ERROR;
				CLANG_WARN_DOCUMENTATION_COMMENTS = YES;
				CLANG_WARN_EMPTY_BODY = YES;
				CLANG_WARN_ENUM_CONVERSION = YES;
				CLANG_WARN_INFINITE_RECURSION = YES;
				CLANG_WARN_INT_CONVERSION = YES;
				CLANG_WARN_NON_LITERAL_NULL_CONVERSION = YES;
				CLANG_WARN_OBJC_IMPLICIT_RETAIN_SELF = YES;
				CLANG_WARN_OBJC_LITERAL_CONVERSION = YES;
				CLANG_WARN_OBJC_ROOT_CLASS = YES_ERROR;
				CLANG_WARN_RANGE_LOOP_ANALYSIS = YES;
				CLANG_WARN_STRICT_PROTOTYPES = YES;
				CLANG_WARN_SUSPICIOUS_MOVE = YES;
				CLANG_WARN_UNGUARDED_AVAILABILITY = YES_AGGRESSIVE;
				CLANG_WARN_UNREACHABLE_CODE = YES;
				CLANG_WARN__DUPLICATE_METHOD_MATCH = YES;
				CODE_SIGN_IDENTITY = "iPhone Developer";
				COPY_PHASE_STRIP = NO;
				DEBUG_INFORMATION_FORMAT = dwarf;
				ENABLE_STRICT_OBJC_MSGSEND = YES;
				ENABLE_TESTABILITY = YES;
				GCC_C_LANGUAGE_STANDARD = gnu11;
				GCC_DYNAMIC_NO_PIC = NO;
				GCC_NO_COMMON_BLOCKS = YES;
				GCC_OPTIMIZATION_LEVEL = 0;
				GCC_PREPROCESSOR_DEFINITIONS = (
					"DEBUG=1",
					"$(inherited)",
				);
				GCC_WARN_64_TO_32_BIT_CONVERSION = YES;
				GCC_WARN_ABOUT_RETURN_TYPE = YES_ERROR;
				GCC_WARN_UNDECLARED_SELECTOR = YES;
				GCC_WARN_UNINITIALIZED_AUTOS = YES_AGGRESSIVE;
				GCC_WARN_UNUSED_FUNCTION = YES;
				GCC_WARN_UNUSED_VARIABLE = YES;
				IPHONEOS_DEPLOYMENT_TARGET = 12.2;
				MTL_ENABLE_DEBUG_INFO = INCLUDE_SOURCE;
				MTL_FAST_MATH = YES;
				ONLY_ACTIVE_ARCH = YES;
				SDKROOT = iphoneos;
				SWIFT_ACTIVE_COMPILATION_CONDITIONS = DEBUG;
				SWIFT_OPTIMIZATION_LEVEL = "-Onone";
			};
			name = Debug;
		};
		A025095822979329005602A7 /* Release */ = {
			isa = XCBuildConfiguration;
			buildSettings = {
				ALWAYS_SEARCH_USER_PATHS = NO;
				CLANG_ANALYZER_NONNULL = YES;
				CLANG_ANALYZER_NUMBER_OBJECT_CONVERSION = YES_AGGRESSIVE;
				CLANG_CXX_LANGUAGE_STANDARD = "gnu++14";
				CLANG_CXX_LIBRARY = "libc++";
				CLANG_ENABLE_MODULES = YES;
				CLANG_ENABLE_OBJC_ARC = YES;
				CLANG_ENABLE_OBJC_WEAK = YES;
				CLANG_WARN_BLOCK_CAPTURE_AUTORELEASING = YES;
				CLANG_WARN_BOOL_CONVERSION = YES;
				CLANG_WARN_COMMA = YES;
				CLANG_WARN_CONSTANT_CONVERSION = YES;
				CLANG_WARN_DEPRECATED_OBJC_IMPLEMENTATIONS = YES;
				CLANG_WARN_DIRECT_OBJC_ISA_USAGE = YES_ERROR;
				CLANG_WARN_DOCUMENTATION_COMMENTS = YES;
				CLANG_WARN_EMPTY_BODY = YES;
				CLANG_WARN_ENUM_CONVERSION = YES;
				CLANG_WARN_INFINITE_RECURSION = YES;
				CLANG_WARN_INT_CONVERSION = YES;
				CLANG_WARN_NON_LITERAL_NULL_CONVERSION = YES;
				CLANG_WARN_OBJC_IMPLICIT_RETAIN_SELF = YES;
				CLANG_WARN_OBJC_LITERAL_CONVERSION = YES;
				CLANG_WARN_OBJC_ROOT_CLASS = YES_ERROR;
				CLANG_WARN_RANGE_LOOP_ANALYSIS = YES;
				CLANG_WARN_STRICT_PROTOTYPES = YES;
				CLANG_WARN_SUSPICIOUS_MOVE = YES;
				CLANG_WARN_UNGUARDED_AVAILABILITY = YES_AGGRESSIVE;
				CLANG_WARN_UNREACHABLE_CODE = YES;
				CLANG_WARN__DUPLICATE_METHOD_MATCH = YES;
				CODE_SIGN_IDENTITY = "iPhone Developer";
				COPY_PHASE_STRIP = NO;
				DEBUG_INFORMATION_FORMAT = "dwarf-with-dsym";
				ENABLE_NS_ASSERTIONS = NO;
				ENABLE_STRICT_OBJC_MSGSEND = YES;
				GCC_C_LANGUAGE_STANDARD = gnu11;
				GCC_NO_COMMON_BLOCKS = YES;
				GCC_WARN_64_TO_32_BIT_CONVERSION = YES;
				GCC_WARN_ABOUT_RETURN_TYPE = YES_ERROR;
				GCC_WARN_UNDECLARED_SELECTOR = YES;
				GCC_WARN_UNINITIALIZED_AUTOS = YES_AGGRESSIVE;
				GCC_WARN_UNUSED_FUNCTION = YES;
				GCC_WARN_UNUSED_VARIABLE = YES;
				IPHONEOS_DEPLOYMENT_TARGET = 12.2;
				MTL_ENABLE_DEBUG_INFO = NO;
				MTL_FAST_MATH = YES;
				SDKROOT = iphoneos;
				SWIFT_COMPILATION_MODE = wholemodule;
				SWIFT_OPTIMIZATION_LEVEL = "-O";
				VALIDATE_PRODUCT = YES;
			};
			name = Release;
		};
		A025095A22979329005602A7 /* Debug */ = {
			isa = XCBuildConfiguration;
			buildSettings = {
				ALWAYS_EMBED_SWIFT_STANDARD_LIBRARIES = YES;
				ASSETCATALOG_COMPILER_APPICON_NAME = AppIcon;
				CODE_SIGN_STYLE = Automatic;
				DEVELOPMENT_TEAM = 9BZ568JFC6;
				INFOPLIST_FILE = bitacora/Info.plist;
				LD_RUNPATH_SEARCH_PATHS = (
					"$(inherited)",
					"@executable_path/Frameworks",
				);
				PRODUCT_BUNDLE_IDENTIFIER = com.limonadademango.bitacora;
				PRODUCT_NAME = "$(TARGET_NAME)";
				SWIFT_VERSION = 5.0;
				TARGETED_DEVICE_FAMILY = "1,2";
			};
			name = Debug;
		};
		A025095B22979329005602A7 /* Release */ = {
			isa = XCBuildConfiguration;
			buildSettings = {
				ALWAYS_EMBED_SWIFT_STANDARD_LIBRARIES = YES;
				ASSETCATALOG_COMPILER_APPICON_NAME = AppIcon;
				CODE_SIGN_STYLE = Automatic;
				DEVELOPMENT_TEAM = 9BZ568JFC6;
				INFOPLIST_FILE = bitacora/Info.plist;
				LD_RUNPATH_SEARCH_PATHS = (
					"$(inherited)",
					"@executable_path/Frameworks",
				);
				PRODUCT_BUNDLE_IDENTIFIER = com.limonadademango.bitacora;
				PRODUCT_NAME = "$(TARGET_NAME)";
				SWIFT_VERSION = 5.0;
				TARGETED_DEVICE_FAMILY = "1,2";
			};
			name = Release;
		};
		A025095D22979329005602A7 /* Debug */ = {
			isa = XCBuildConfiguration;
			buildSettings = {
				ALWAYS_EMBED_SWIFT_STANDARD_LIBRARIES = YES;
				BUNDLE_LOADER = "$(TEST_HOST)";
				CODE_SIGN_STYLE = Automatic;
				DEVELOPMENT_TEAM = 9BZ568JFC6;
				INFOPLIST_FILE = bitacoraTests/Info.plist;
				LD_RUNPATH_SEARCH_PATHS = (
					"$(inherited)",
					"@executable_path/Frameworks",
					"@loader_path/Frameworks",
				);
				PRODUCT_BUNDLE_IDENTIFIER = com.limonadademango.bitacoraTests;
				PRODUCT_NAME = "$(TARGET_NAME)";
				SWIFT_VERSION = 5.0;
				TARGETED_DEVICE_FAMILY = "1,2";
				TEST_HOST = "$(BUILT_PRODUCTS_DIR)/bitacora.app/bitacora";
			};
			name = Debug;
		};
		A025095E22979329005602A7 /* Release */ = {
			isa = XCBuildConfiguration;
			buildSettings = {
				ALWAYS_EMBED_SWIFT_STANDARD_LIBRARIES = YES;
				BUNDLE_LOADER = "$(TEST_HOST)";
				CODE_SIGN_STYLE = Automatic;
				DEVELOPMENT_TEAM = 9BZ568JFC6;
				INFOPLIST_FILE = bitacoraTests/Info.plist;
				LD_RUNPATH_SEARCH_PATHS = (
					"$(inherited)",
					"@executable_path/Frameworks",
					"@loader_path/Frameworks",
				);
				PRODUCT_BUNDLE_IDENTIFIER = com.limonadademango.bitacoraTests;
				PRODUCT_NAME = "$(TARGET_NAME)";
				SWIFT_VERSION = 5.0;
				TARGETED_DEVICE_FAMILY = "1,2";
				TEST_HOST = "$(BUILT_PRODUCTS_DIR)/bitacora.app/bitacora";
			};
			name = Release;
		};
		A025096022979329005602A7 /* Debug */ = {
			isa = XCBuildConfiguration;
			buildSettings = {
				ALWAYS_EMBED_SWIFT_STANDARD_LIBRARIES = YES;
				CODE_SIGN_STYLE = Automatic;
				DEVELOPMENT_TEAM = 9BZ568JFC6;
				INFOPLIST_FILE = bitacoraUITests/Info.plist;
				LD_RUNPATH_SEARCH_PATHS = (
					"$(inherited)",
					"@executable_path/Frameworks",
					"@loader_path/Frameworks",
				);
				PRODUCT_BUNDLE_IDENTIFIER = com.limonadademango.bitacoraUITests;
				PRODUCT_NAME = "$(TARGET_NAME)";
				SWIFT_VERSION = 5.0;
				TARGETED_DEVICE_FAMILY = "1,2";
				TEST_TARGET_NAME = bitacora;
			};
			name = Debug;
		};
		A025096122979329005602A7 /* Release */ = {
			isa = XCBuildConfiguration;
			buildSettings = {
				ALWAYS_EMBED_SWIFT_STANDARD_LIBRARIES = YES;
				CODE_SIGN_STYLE = Automatic;
				DEVELOPMENT_TEAM = 9BZ568JFC6;
				INFOPLIST_FILE = bitacoraUITests/Info.plist;
				LD_RUNPATH_SEARCH_PATHS = (
					"$(inherited)",
					"@executable_path/Frameworks",
					"@loader_path/Frameworks",
				);
				PRODUCT_BUNDLE_IDENTIFIER = com.limonadademango.bitacoraUITests;
				PRODUCT_NAME = "$(TARGET_NAME)";
				SWIFT_VERSION = 5.0;
				TARGETED_DEVICE_FAMILY = "1,2";
				TEST_TARGET_NAME = bitacora;
			};
			name = Release;
		};
/* End XCBuildConfiguration section */

/* Begin XCConfigurationList section */
		A025092922979327005602A7 /* Build configuration list for PBXProject "bitacora" */ = {
			isa = XCConfigurationList;
			buildConfigurations = (
				A025095722979329005602A7 /* Debug */,
				A025095822979329005602A7 /* Release */,
			);
			defaultConfigurationIsVisible = 0;
			defaultConfigurationName = Release;
		};
		A025095922979329005602A7 /* Build configuration list for PBXNativeTarget "bitacora" */ = {
			isa = XCConfigurationList;
			buildConfigurations = (
				A025095A22979329005602A7 /* Debug */,
				A025095B22979329005602A7 /* Release */,
			);
			defaultConfigurationIsVisible = 0;
			defaultConfigurationName = Release;
		};
		A025095C22979329005602A7 /* Build configuration list for PBXNativeTarget "bitacoraTests" */ = {
			isa = XCConfigurationList;
			buildConfigurations = (
				A025095D22979329005602A7 /* Debug */,
				A025095E22979329005602A7 /* Release */,
			);
			defaultConfigurationIsVisible = 0;
			defaultConfigurationName = Release;
		};
		A025095F22979329005602A7 /* Build configuration list for PBXNativeTarget "bitacoraUITests" */ = {
			isa = XCConfigurationList;
			buildConfigurations = (
				A025096022979329005602A7 /* Debug */,
				A025096122979329005602A7 /* Release */,
			);
			defaultConfigurationIsVisible = 0;
			defaultConfigurationName = Release;
		};
/* End XCConfigurationList section */

/* Begin XCVersionGroup section */
		A025093822979327005602A7 /* bitacora.xcdatamodeld */ = {
			isa = XCVersionGroup;
			children = (
				A025093922979327005602A7 /* bitacora.xcdatamodel */,
			);
			currentVersion = A025093922979327005602A7 /* bitacora.xcdatamodel */;
			path = bitacora.xcdatamodeld;
			sourceTree = "<group>";
			versionGroupType = wrapper.xcdatamodel;
		};
/* End XCVersionGroup section */
	};
	rootObject = A025092622979327005602A7 /* Project object */;
}
